
Microsoft Visual Studio Solution File, Format Version 12.00
# Visual Studio Version 17
VisualStudioVersion = 17.12.35527.113
MinimumVisualStudioVersion = 10.0.40219.1
Project("{FAE04EC0-301F-11D3-BF4B-00C04F79EFBC}") = "HRDemo.Api", "HRDemo.Api\HRDemo.Api.csproj", "{721336A2-1497-4755-BABA-E37F0D25AA3A}"
EndProject
Project("{00D1A9C2-B5F0-4AF3-8072-F6C62B433612}") = "HRDemo.Schema", "HRDemoSchema\HRDemo.Schema.sqlproj", "{6B92A3BA-91C4-4FF8-AEA0-B333E5AD8935}"
EndProject
Project("{FAE04EC0-301F-11D3-BF4B-00C04F79EFBC}") = "HRDemoProject", "HRDemoProject\HRDemoProject.csproj", "{E4CED657-4ED7-4C14-B73F-AC449B665741}"
EndProject
Project("{2150E333-8FDC-42A3-9474-1A3956D46DE8}") = "Tests", "Tests", "{DDC38225-3FDF-4B87-9935-124D1F24465B}"
EndProject
Project("{FAE04EC0-301F-11D3-BF4B-00C04F79EFBC}") = "HRDemo.Api.Tests", "HRDemo.Api.Tests\HRDemo.Api.Tests.csproj", "{ECBDF256-6C4F-4468-B7EB-B591428AEEC9}"
EndProject
Project("{FAE04EC0-301F-11D3-BF4B-00C04F79EFBC}") = "HRDemo.Web.Test", "HRDemo.Web.Test\HRDemo.Web.Test.csproj", "{F2A8631D-E58C-4CBE-A7F3-49AF77E83027}"
EndProject
Global
	GlobalSection(SolutionConfigurationPlatforms) = preSolution
		Debug|Any CPU = Debug|Any CPU
		Release|Any CPU = Release|Any CPU
	EndGlobalSection
	GlobalSection(ProjectConfigurationPlatforms) = postSolution
		{721336A2-1497-4755-BABA-E37F0D25AA3A}.Debug|Any CPU.ActiveCfg = Debug|Any CPU
		{721336A2-1497-4755-BABA-E37F0D25AA3A}.Debug|Any CPU.Build.0 = Debug|Any CPU
		{721336A2-1497-4755-BABA-E37F0D25AA3A}.Release|Any CPU.ActiveCfg = Release|Any CPU
		{721336A2-1497-4755-BABA-E37F0D25AA3A}.Release|Any CPU.Build.0 = Release|Any CPU
		{6B92A3BA-91C4-4FF8-AEA0-B333E5AD8935}.Debug|Any CPU.ActiveCfg = Debug|Any CPU
		{6B92A3BA-91C4-4FF8-AEA0-B333E5AD8935}.Debug|Any CPU.Build.0 = Debug|Any CPU
		{6B92A3BA-91C4-4FF8-AEA0-B333E5AD8935}.Debug|Any CPU.Deploy.0 = Debug|Any CPU
		{6B92A3BA-91C4-4FF8-AEA0-B333E5AD8935}.Release|Any CPU.ActiveCfg = Release|Any CPU
		{6B92A3BA-91C4-4FF8-AEA0-B333E5AD8935}.Release|Any CPU.Build.0 = Release|Any CPU
		{6B92A3BA-91C4-4FF8-AEA0-B333E5AD8935}.Release|Any CPU.Deploy.0 = Release|Any CPU
		{E4CED657-4ED7-4C14-B73F-AC449B665741}.Debug|Any CPU.ActiveCfg = Debug|Any CPU
		{E4CED657-4ED7-4C14-B73F-AC449B665741}.Debug|Any CPU.Build.0 = Debug|Any CPU
		{E4CED657-4ED7-4C14-B73F-AC449B665741}.Release|Any CPU.ActiveCfg = Release|Any CPU
		{E4CED657-4ED7-4C14-B73F-AC449B665741}.Release|Any CPU.Build.0 = Release|Any CPU
		{ECBDF256-6C4F-4468-B7EB-B591428AEEC9}.Debug|Any CPU.ActiveCfg = Debug|Any CPU
		{ECBDF256-6C4F-4468-B7EB-B591428AEEC9}.Debug|Any CPU.Build.0 = Debug|Any CPU
		{ECBDF256-6C4F-4468-B7EB-B591428AEEC9}.Release|Any CPU.ActiveCfg = Release|Any CPU
		{ECBDF256-6C4F-4468-B7EB-B591428AEEC9}.Release|Any CPU.Build.0 = Release|Any CPU
		{F2A8631D-E58C-4CBE-A7F3-49AF77E83027}.Debug|Any CPU.ActiveCfg = Debug|Any CPU
		{F2A8631D-E58C-4CBE-A7F3-49AF77E83027}.Debug|Any CPU.Build.0 = Debug|Any CPU
		{F2A8631D-E58C-4CBE-A7F3-49AF77E83027}.Release|Any CPU.ActiveCfg = Release|Any CPU
		{F2A8631D-E58C-4CBE-A7F3-49AF77E83027}.Release|Any CPU.Build.0 = Release|Any CPU
	EndGlobalSection
	GlobalSection(SolutionProperties) = preSolution
		HideSolutionNode = FALSE
	EndGlobalSection
	GlobalSection(NestedProjects) = preSolution
		{ECBDF256-6C4F-4468-B7EB-B591428AEEC9} = {DDC38225-3FDF-4B87-9935-124D1F24465B}
		{F2A8631D-E58C-4CBE-A7F3-49AF77E83027} = {DDC38225-3FDF-4B87-9935-124D1F24465B}
	EndGlobalSection
EndGlobal
